// !$*UTF8*$!
{
	archiveVersion = 1;
	classes = {
	};
	objectVersion = 56;
	objects = {

/* Begin PBXBuildFile section */
		4E929EC52C18708F00B2B64F /* OddsListViewControllerViewModel.swift in Sources */ = {isa = PBXBuildFile; fileRef = 4E929EC42C18708F00B2B64F /* OddsListViewControllerViewModel.swift */; };
		4E929ECD2C1AE09A00B2B64F /* OddsUpdater.swift in Sources */ = {isa = PBXBuildFile; fileRef = 4E929ECC2C1AE09A00B2B64F /* OddsUpdater.swift */; };
		4E929ED02C1B333B00B2B64F /* BetFactory.swift in Sources */ = {isa = PBXBuildFile; fileRef = 4E929ECF2C1B333B00B2B64F /* BetFactory.swift */; };
		4E929EE82C1C82A500B2B64F /* OddsListViewControllerViewModelTests.swift in Sources */ = {isa = PBXBuildFile; fileRef = 4E929EE72C1C82A500B2B64F /* OddsListViewControllerViewModelTests.swift */; };
		4E929EFB2C1C8A0B00B2B64F /* BetRepositoryTests.swift in Sources */ = {isa = PBXBuildFile; fileRef = 4E929EFA2C1C8A0B00B2B64F /* BetRepositoryTests.swift */; };
		4E929F012C1C930900B2B64F /* RemoteBetServiceTests.swift in Sources */ = {isa = PBXBuildFile; fileRef = 4E929F002C1C930900B2B64F /* RemoteBetServiceTests.swift */; };
		B5C0FD5C29E69206009AD7E4 /* AppDelegate.swift in Sources */ = {isa = PBXBuildFile; fileRef = B5C0FD5B29E69206009AD7E4 /* AppDelegate.swift */; };
		B5C0FD5E29E69206009AD7E4 /* SceneDelegate.swift in Sources */ = {isa = PBXBuildFile; fileRef = B5C0FD5D29E69206009AD7E4 /* SceneDelegate.swift */; };
		B5C0FD6029E69206009AD7E4 /* OddsListViewController.swift in Sources */ = {isa = PBXBuildFile; fileRef = B5C0FD5F29E69206009AD7E4 /* OddsListViewController.swift */; };
		B5C0FD6329E69206009AD7E4 /* Main.storyboard in Resources */ = {isa = PBXBuildFile; fileRef = B5C0FD6129E69206009AD7E4 /* Main.storyboard */; };
		B5C0FD6529E69208009AD7E4 /* Assets.xcassets in Resources */ = {isa = PBXBuildFile; fileRef = B5C0FD6429E69208009AD7E4 /* Assets.xcassets */; };
		B5C0FD6829E69208009AD7E4 /* LaunchScreen.storyboard in Resources */ = {isa = PBXBuildFile; fileRef = B5C0FD6629E69208009AD7E4 /* LaunchScreen.storyboard */; };
		B5C0FD8429E694E1009AD7E4 /* BetsCore.h in Headers */ = {isa = PBXBuildFile; fileRef = B5C0FD7629E694E0009AD7E4 /* BetsCore.h */; settings = {ATTRIBUTES = (Public, ); }; };
		B5C0FD8729E694E1009AD7E4 /* BetsCore.framework in Frameworks */ = {isa = PBXBuildFile; fileRef = B5C0FD7429E694E0009AD7E4 /* BetsCore.framework */; };
		B5C0FD8829E694E1009AD7E4 /* BetsCore.framework in Embed Frameworks */ = {isa = PBXBuildFile; fileRef = B5C0FD7429E694E0009AD7E4 /* BetsCore.framework */; settings = {ATTRIBUTES = (CodeSignOnCopy, RemoveHeadersOnCopy, ); }; };
		B5C0FD9129E6950A009AD7E4 /* BetsRepository.swift in Sources */ = {isa = PBXBuildFile; fileRef = B5C0FD9029E6950A009AD7E4 /* BetsRepository.swift */; };
		B5C0FD9329E69531009AD7E4 /* Bet.swift in Sources */ = {isa = PBXBuildFile; fileRef = B5C0FD9229E69531009AD7E4 /* Bet.swift */; };
		B5C0FD9529E69625009AD7E4 /* RemoteBetService.swift in Sources */ = {isa = PBXBuildFile; fileRef = B5C0FD9429E69625009AD7E4 /* RemoteBetService.swift */; };
/* End PBXBuildFile section */

/* Begin PBXContainerItemProxy section */
		4E929EE12C1C7CBD00B2B64F /* PBXContainerItemProxy */ = {
			isa = PBXContainerItemProxy;
			containerPortal = B5C0FD5029E69206009AD7E4 /* Project object */;
			proxyType = 1;
			remoteGlobalIDString = B5C0FD5729E69206009AD7E4;
			remoteInfo = Bets;
		};
		B5C0FD8529E694E1009AD7E4 /* PBXContainerItemProxy */ = {
			isa = PBXContainerItemProxy;
			containerPortal = B5C0FD5029E69206009AD7E4 /* Project object */;
			proxyType = 1;
			remoteGlobalIDString = B5C0FD7329E694E0009AD7E4;
			remoteInfo = BetsCore;
		};
/* End PBXContainerItemProxy section */

/* Begin PBXCopyFilesBuildPhase section */
		B5C0FD8C29E694E1009AD7E4 /* Embed Frameworks */ = {
			isa = PBXCopyFilesBuildPhase;
			buildActionMask = 2147483647;
			dstPath = "";
			dstSubfolderSpec = 10;
			files = (
				B5C0FD8829E694E1009AD7E4 /* BetsCore.framework in Embed Frameworks */,
			);
			name = "Embed Frameworks";
			runOnlyForDeploymentPostprocessing = 0;
		};
/* End PBXCopyFilesBuildPhase section */

/* Begin PBXFileReference section */
		4E929EC42C18708F00B2B64F /* OddsListViewControllerViewModel.swift */ = {isa = PBXFileReference; lastKnownFileType = sourcecode.swift; path = OddsListViewControllerViewModel.swift; sourceTree = "<group>"; };
		4E929ECC2C1AE09A00B2B64F /* OddsUpdater.swift */ = {isa = PBXFileReference; lastKnownFileType = sourcecode.swift; path = OddsUpdater.swift; sourceTree = "<group>"; };
		4E929ECF2C1B333B00B2B64F /* BetFactory.swift */ = {isa = PBXFileReference; lastKnownFileType = sourcecode.swift; path = BetFactory.swift; sourceTree = "<group>"; };
		4E929EDD2C1C7CBD00B2B64F /* BetsTests.xctest */ = {isa = PBXFileReference; explicitFileType = wrapper.cfbundle; includeInIndex = 0; path = BetsTests.xctest; sourceTree = BUILT_PRODUCTS_DIR; };
		4E929EE72C1C82A500B2B64F /* OddsListViewControllerViewModelTests.swift */ = {isa = PBXFileReference; lastKnownFileType = sourcecode.swift; path = OddsListViewControllerViewModelTests.swift; sourceTree = "<group>"; };
		4E929EE92C1C832900B2B64F /* Bets.xctestplan */ = {isa = PBXFileReference; lastKnownFileType = text; path = Bets.xctestplan; sourceTree = "<group>"; };
		4E929EF82C1C867200B2B64F /* BetRepositoryTests.swift */ = {isa = PBXFileReference; lastKnownFileType = sourcecode.swift; path = BetRepositoryTests.swift; sourceTree = "<group>"; };
		4E929EFA2C1C8A0B00B2B64F /* BetRepositoryTests.swift */ = {isa = PBXFileReference; lastKnownFileType = sourcecode.swift; path = BetRepositoryTests.swift; sourceTree = "<group>"; };
		4E929F002C1C930900B2B64F /* RemoteBetServiceTests.swift */ = {isa = PBXFileReference; lastKnownFileType = sourcecode.swift; path = RemoteBetServiceTests.swift; sourceTree = "<group>"; };
		B5C0FD5829E69206009AD7E4 /* Bets.app */ = {isa = PBXFileReference; explicitFileType = wrapper.application; includeInIndex = 0; path = Bets.app; sourceTree = BUILT_PRODUCTS_DIR; };
		B5C0FD5B29E69206009AD7E4 /* AppDelegate.swift */ = {isa = PBXFileReference; lastKnownFileType = sourcecode.swift; path = AppDelegate.swift; sourceTree = "<group>"; };
		B5C0FD5D29E69206009AD7E4 /* SceneDelegate.swift */ = {isa = PBXFileReference; lastKnownFileType = sourcecode.swift; path = SceneDelegate.swift; sourceTree = "<group>"; };
		B5C0FD5F29E69206009AD7E4 /* OddsListViewController.swift */ = {isa = PBXFileReference; lastKnownFileType = sourcecode.swift; path = OddsListViewController.swift; sourceTree = "<group>"; };
		B5C0FD6229E69206009AD7E4 /* Base */ = {isa = PBXFileReference; lastKnownFileType = file.storyboard; name = Base; path = Base.lproj/Main.storyboard; sourceTree = "<group>"; };
		B5C0FD6429E69208009AD7E4 /* Assets.xcassets */ = {isa = PBXFileReference; lastKnownFileType = folder.assetcatalog; path = Assets.xcassets; sourceTree = "<group>"; };
		B5C0FD6729E69208009AD7E4 /* Base */ = {isa = PBXFileReference; lastKnownFileType = file.storyboard; name = Base; path = Base.lproj/LaunchScreen.storyboard; sourceTree = "<group>"; };
		B5C0FD6929E69208009AD7E4 /* Info.plist */ = {isa = PBXFileReference; lastKnownFileType = text.plist.xml; path = Info.plist; sourceTree = "<group>"; };
		B5C0FD7429E694E0009AD7E4 /* BetsCore.framework */ = {isa = PBXFileReference; explicitFileType = wrapper.framework; includeInIndex = 0; path = BetsCore.framework; sourceTree = BUILT_PRODUCTS_DIR; };
		B5C0FD7629E694E0009AD7E4 /* BetsCore.h */ = {isa = PBXFileReference; lastKnownFileType = sourcecode.c.h; path = BetsCore.h; sourceTree = "<group>"; };
		B5C0FD9029E6950A009AD7E4 /* BetsRepository.swift */ = {isa = PBXFileReference; lastKnownFileType = sourcecode.swift; path = BetsRepository.swift; sourceTree = "<group>"; };
		B5C0FD9229E69531009AD7E4 /* Bet.swift */ = {isa = PBXFileReference; lastKnownFileType = sourcecode.swift; path = Bet.swift; sourceTree = "<group>"; };
		B5C0FD9429E69625009AD7E4 /* RemoteBetService.swift */ = {isa = PBXFileReference; lastKnownFileType = sourcecode.swift; path = RemoteBetService.swift; sourceTree = "<group>"; };
/* End PBXFileReference section */

/* Begin PBXFrameworksBuildPhase section */
		4E929EDA2C1C7CBD00B2B64F /* Frameworks */ = {
			isa = PBXFrameworksBuildPhase;
			buildActionMask = 2147483647;
			files = (
			);
			runOnlyForDeploymentPostprocessing = 0;
		};
		B5C0FD5529E69206009AD7E4 /* Frameworks */ = {
			isa = PBXFrameworksBuildPhase;
			buildActionMask = 2147483647;
			files = (
				B5C0FD8729E694E1009AD7E4 /* BetsCore.framework in Frameworks */,
			);
			runOnlyForDeploymentPostprocessing = 0;
		};
		B5C0FD7129E694E0009AD7E4 /* Frameworks */ = {
			isa = PBXFrameworksBuildPhase;
			buildActionMask = 2147483647;
			files = (
			);
			runOnlyForDeploymentPostprocessing = 0;
		};
/* End PBXFrameworksBuildPhase section */

/* Begin PBXGroup section */
		4E929EC12C186DC300B2B64F /* Views */ = {
			isa = PBXGroup;
			children = (
				4E929EC62C188C2D00B2B64F /* Storyboard */,
				4E929EC22C186DCC00B2B64F /* Odds */,
			);
			path = Views;
			sourceTree = "<group>";
		};
		4E929EC22C186DCC00B2B64F /* Odds */ = {
			isa = PBXGroup;
			children = (
				B5C0FD5F29E69206009AD7E4 /* OddsListViewController.swift */,
				4E929EC32C186DF300B2B64F /* ViewModel */,
			);
			path = Odds;
			sourceTree = "<group>";
		};
		4E929EC32C186DF300B2B64F /* ViewModel */ = {
			isa = PBXGroup;
			children = (
				4E929EC42C18708F00B2B64F /* OddsListViewControllerViewModel.swift */,
			);
			path = ViewModel;
			sourceTree = "<group>";
		};
		4E929EC62C188C2D00B2B64F /* Storyboard */ = {
			isa = PBXGroup;
			children = (
				B5C0FD6129E69206009AD7E4 /* Main.storyboard */,
				B5C0FD6629E69208009AD7E4 /* LaunchScreen.storyboard */,
			);
			path = Storyboard;
			sourceTree = "<group>";
		};
		4E929EC72C188C4000B2B64F /* Resources */ = {
			isa = PBXGroup;
			children = (
				B5C0FD6429E69208009AD7E4 /* Assets.xcassets */,
			);
			path = Resources;
			sourceTree = "<group>";
		};
		4E929EC82C188C9100B2B64F /* Service */ = {
			isa = PBXGroup;
			children = (
				4E929ECE2C1B332B00B2B64F /* Factory */,
				B5C0FD9429E69625009AD7E4 /* RemoteBetService.swift */,
			);
			path = Service;
			sourceTree = "<group>";
		};
		4E929EC92C188CA400B2B64F /* Delegate */ = {
			isa = PBXGroup;
			children = (
				B5C0FD5B29E69206009AD7E4 /* AppDelegate.swift */,
				B5C0FD5D29E69206009AD7E4 /* SceneDelegate.swift */,
			);
			path = Delegate;
			sourceTree = "<group>";
		};
		4E929ECE2C1B332B00B2B64F /* Factory */ = {
			isa = PBXGroup;
			children = (
				4E929ECF2C1B333B00B2B64F /* BetFactory.swift */,
			);
			path = Factory;
			sourceTree = "<group>";
		};
		4E929ED12C1C604900B2B64F /* Views */ = {
			isa = PBXGroup;
			children = (
				4E929ED22C1C605300B2B64F /* Odds */,
			);
			path = Views;
			sourceTree = "<group>";
		};
		4E929ED22C1C605300B2B64F /* Odds */ = {
			isa = PBXGroup;
			children = (
				4E929ED32C1C605800B2B64F /* ViewModel */,
			);
			path = Odds;
			sourceTree = "<group>";
		};
		4E929ED32C1C605800B2B64F /* ViewModel */ = {
			isa = PBXGroup;
			children = (
				4E929EE72C1C82A500B2B64F /* OddsListViewControllerViewModelTests.swift */,
			);
			path = ViewModel;
			sourceTree = "<group>";
		};
		4E929EDE2C1C7CBD00B2B64F /* BetsTests */ = {
			isa = PBXGroup;
			children = (
				4E929EFE2C1C8CFE00B2B64F /* BetsCore */,
				4E929ED12C1C604900B2B64F /* Views */,
				4E929EFF2C1C927100B2B64F /* Service */,
			);
			path = BetsTests;
			sourceTree = "<group>";
		};
		4E929EEF2C1C84FF00B2B64F /* BetsScoreTests */ = {
			isa = PBXGroup;
			children = (
				4E929EF82C1C867200B2B64F /* BetRepositoryTests.swift */,
			);
			path = BetsScoreTests;
			sourceTree = "<group>";
		};
		4E929EFE2C1C8CFE00B2B64F /* BetsCore */ = {
			isa = PBXGroup;
			children = (
				4E929EFA2C1C8A0B00B2B64F /* BetRepositoryTests.swift */,
			);
			path = BetsCore;
			sourceTree = "<group>";
		};
		4E929EFF2C1C927100B2B64F /* Service */ = {
			isa = PBXGroup;
			children = (
				4E929F002C1C930900B2B64F /* RemoteBetServiceTests.swift */,
			);
			path = Service;
			sourceTree = "<group>";
		};
		B5C0FD4F29E69206009AD7E4 = {
			isa = PBXGroup;
			children = (
				4E929EE92C1C832900B2B64F /* Bets.xctestplan */,
				B5C0FD5A29E69206009AD7E4 /* Bets */,
				B5C0FD7529E694E0009AD7E4 /* BetsCore */,
				4E929EDE2C1C7CBD00B2B64F /* BetsTests */,
				4E929EEF2C1C84FF00B2B64F /* BetsScoreTests */,
				B5C0FD5929E69206009AD7E4 /* Products */,
			);
			sourceTree = "<group>";
		};
		B5C0FD5929E69206009AD7E4 /* Products */ = {
			isa = PBXGroup;
			children = (
				B5C0FD5829E69206009AD7E4 /* Bets.app */,
				B5C0FD7429E694E0009AD7E4 /* BetsCore.framework */,
				4E929EDD2C1C7CBD00B2B64F /* BetsTests.xctest */,
			);
			name = Products;
			sourceTree = "<group>";
		};
		B5C0FD5A29E69206009AD7E4 /* Bets */ = {
			isa = PBXGroup;
			children = (
				4E929EC12C186DC300B2B64F /* Views */,
				4E929EC82C188C9100B2B64F /* Service */,
				4E929EC92C188CA400B2B64F /* Delegate */,
				4E929EC72C188C4000B2B64F /* Resources */,
				B5C0FD6929E69208009AD7E4 /* Info.plist */,
			);
			path = Bets;
			sourceTree = "<group>";
		};
		B5C0FD7529E694E0009AD7E4 /* BetsCore */ = {
			isa = PBXGroup;
			children = (
				B5C0FD7629E694E0009AD7E4 /* BetsCore.h */,
				B5C0FD9029E6950A009AD7E4 /* BetsRepository.swift */,
				B5C0FD9229E69531009AD7E4 /* Bet.swift */,
				4E929ECC2C1AE09A00B2B64F /* OddsUpdater.swift */,
			);
			path = BetsCore;
			sourceTree = "<group>";
		};
/* End PBXGroup section */

/* Begin PBXHeadersBuildPhase section */
		B5C0FD6F29E694E0009AD7E4 /* Headers */ = {
			isa = PBXHeadersBuildPhase;
			buildActionMask = 2147483647;
			files = (
				B5C0FD8429E694E1009AD7E4 /* BetsCore.h in Headers */,
			);
			runOnlyForDeploymentPostprocessing = 0;
		};
/* End PBXHeadersBuildPhase section */

/* Begin PBXNativeTarget section */
		4E929EDC2C1C7CBD00B2B64F /* BetsTests */ = {
			isa = PBXNativeTarget;
			buildConfigurationList = 4E929EE32C1C7CBD00B2B64F /* Build configuration list for PBXNativeTarget "BetsTests" */;
			buildPhases = (
				4E929ED92C1C7CBD00B2B64F /* Sources */,
				4E929EDA2C1C7CBD00B2B64F /* Frameworks */,
				4E929EDB2C1C7CBD00B2B64F /* Resources */,
			);
			buildRules = (
			);
			dependencies = (
				4E929EE22C1C7CBD00B2B64F /* PBXTargetDependency */,
			);
			name = BetsTests;
			productName = BetsTests2;
			productReference = 4E929EDD2C1C7CBD00B2B64F /* BetsTests.xctest */;
			productType = "com.apple.product-type.bundle.unit-test";
		};
		B5C0FD5729E69206009AD7E4 /* Bets */ = {
			isa = PBXNativeTarget;
			buildConfigurationList = B5C0FD6C29E69208009AD7E4 /* Build configuration list for PBXNativeTarget "Bets" */;
			buildPhases = (
				B5C0FD5429E69206009AD7E4 /* Sources */,
				B5C0FD5529E69206009AD7E4 /* Frameworks */,
				B5C0FD5629E69206009AD7E4 /* Resources */,
				B5C0FD8C29E694E1009AD7E4 /* Embed Frameworks */,
			);
			buildRules = (
			);
			dependencies = (
				B5C0FD8629E694E1009AD7E4 /* PBXTargetDependency */,
			);
			name = Bets;
			productName = Bets;
			productReference = B5C0FD5829E69206009AD7E4 /* Bets.app */;
			productType = "com.apple.product-type.application";
		};
		B5C0FD7329E694E0009AD7E4 /* BetsCore */ = {
			isa = PBXNativeTarget;
			buildConfigurationList = B5C0FD8929E694E1009AD7E4 /* Build configuration list for PBXNativeTarget "BetsCore" */;
			buildPhases = (
				B5C0FD6F29E694E0009AD7E4 /* Headers */,
				B5C0FD7029E694E0009AD7E4 /* Sources */,
				B5C0FD7129E694E0009AD7E4 /* Frameworks */,
				B5C0FD7229E694E0009AD7E4 /* Resources */,
			);
			buildRules = (
			);
			dependencies = (
			);
			name = BetsCore;
			productName = BetsCore;
			productReference = B5C0FD7429E694E0009AD7E4 /* BetsCore.framework */;
			productType = "com.apple.product-type.framework";
		};
/* End PBXNativeTarget section */

/* Begin PBXProject section */
		B5C0FD5029E69206009AD7E4 /* Project object */ = {
			isa = PBXProject;
			attributes = {
				BuildIndependentTargetsInParallel = 1;
				LastSwiftUpdateCheck = 1540;
				LastUpgradeCheck = 1400;
				TargetAttributes = {
					4E929EDC2C1C7CBD00B2B64F = {
						CreatedOnToolsVersion = 15.4;
						TestTargetID = B5C0FD5729E69206009AD7E4;
					};
					B5C0FD5729E69206009AD7E4 = {
						CreatedOnToolsVersion = 14.0.1;
					};
					B5C0FD7329E694E0009AD7E4 = {
						CreatedOnToolsVersion = 14.0.1;
						LastSwiftMigration = 1400;
					};
				};
			};
			buildConfigurationList = B5C0FD5329E69206009AD7E4 /* Build configuration list for PBXProject "Bets" */;
			compatibilityVersion = "Xcode 14.0";
			developmentRegion = en;
			hasScannedForEncodings = 0;
			knownRegions = (
				en,
				Base,
			);
			mainGroup = B5C0FD4F29E69206009AD7E4;
			productRefGroup = B5C0FD5929E69206009AD7E4 /* Products */;
			projectDirPath = "";
			projectRoot = "";
			targets = (
				B5C0FD5729E69206009AD7E4 /* Bets */,
				B5C0FD7329E694E0009AD7E4 /* BetsCore */,
				4E929EDC2C1C7CBD00B2B64F /* BetsTests */,
			);
		};
/* End PBXProject section */

/* Begin PBXResourcesBuildPhase section */
		4E929EDB2C1C7CBD00B2B64F /* Resources */ = {
			isa = PBXResourcesBuildPhase;
			buildActionMask = 2147483647;
			files = (
			);
			runOnlyForDeploymentPostprocessing = 0;
		};
		B5C0FD5629E69206009AD7E4 /* Resources */ = {
			isa = PBXResourcesBuildPhase;
			buildActionMask = 2147483647;
			files = (
				B5C0FD6829E69208009AD7E4 /* LaunchScreen.storyboard in Resources */,
				B5C0FD6529E69208009AD7E4 /* Assets.xcassets in Resources */,
				B5C0FD6329E69206009AD7E4 /* Main.storyboard in Resources */,
			);
			runOnlyForDeploymentPostprocessing = 0;
		};
		B5C0FD7229E694E0009AD7E4 /* Resources */ = {
			isa = PBXResourcesBuildPhase;
			buildActionMask = 2147483647;
			files = (
			);
			runOnlyForDeploymentPostprocessing = 0;
		};
/* End PBXResourcesBuildPhase section */

/* Begin PBXSourcesBuildPhase section */
		4E929ED92C1C7CBD00B2B64F /* Sources */ = {
			isa = PBXSourcesBuildPhase;
			buildActionMask = 2147483647;
			files = (
				4E929EFB2C1C8A0B00B2B64F /* BetRepositoryTests.swift in Sources */,
				4E929F012C1C930900B2B64F /* RemoteBetServiceTests.swift in Sources */,
				4E929EE82C1C82A500B2B64F /* OddsListViewControllerViewModelTests.swift in Sources */,
			);
			runOnlyForDeploymentPostprocessing = 0;
		};
		B5C0FD5429E69206009AD7E4 /* Sources */ = {
			isa = PBXSourcesBuildPhase;
			buildActionMask = 2147483647;
			files = (
				4E929ED02C1B333B00B2B64F /* BetFactory.swift in Sources */,
				4E929EC52C18708F00B2B64F /* OddsListViewControllerViewModel.swift in Sources */,
				B5C0FD6029E69206009AD7E4 /* OddsListViewController.swift in Sources */,
				B5C0FD9529E69625009AD7E4 /* RemoteBetService.swift in Sources */,
				B5C0FD5C29E69206009AD7E4 /* AppDelegate.swift in Sources */,
				B5C0FD5E29E69206009AD7E4 /* SceneDelegate.swift in Sources */,
			);
			runOnlyForDeploymentPostprocessing = 0;
		};
		B5C0FD7029E694E0009AD7E4 /* Sources */ = {
			isa = PBXSourcesBuildPhase;
			buildActionMask = 2147483647;
			files = (
				B5C0FD9129E6950A009AD7E4 /* BetsRepository.swift in Sources */,
				B5C0FD9329E69531009AD7E4 /* Bet.swift in Sources */,
				4E929ECD2C1AE09A00B2B64F /* OddsUpdater.swift in Sources */,
			);
			runOnlyForDeploymentPostprocessing = 0;
		};
/* End PBXSourcesBuildPhase section */

/* Begin PBXTargetDependency section */
		4E929EE22C1C7CBD00B2B64F /* PBXTargetDependency */ = {
			isa = PBXTargetDependency;
			target = B5C0FD5729E69206009AD7E4 /* Bets */;
			targetProxy = 4E929EE12C1C7CBD00B2B64F /* PBXContainerItemProxy */;
		};
		B5C0FD8629E694E1009AD7E4 /* PBXTargetDependency */ = {
			isa = PBXTargetDependency;
			target = B5C0FD7329E694E0009AD7E4 /* BetsCore */;
			targetProxy = B5C0FD8529E694E1009AD7E4 /* PBXContainerItemProxy */;
		};
/* End PBXTargetDependency section */

/* Begin PBXVariantGroup section */
		B5C0FD6129E69206009AD7E4 /* Main.storyboard */ = {
			isa = PBXVariantGroup;
			children = (
				B5C0FD6229E69206009AD7E4 /* Base */,
			);
			name = Main.storyboard;
			sourceTree = "<group>";
		};
		B5C0FD6629E69208009AD7E4 /* LaunchScreen.storyboard */ = {
			isa = PBXVariantGroup;
			children = (
				B5C0FD6729E69208009AD7E4 /* Base */,
			);
			name = LaunchScreen.storyboard;
			sourceTree = "<group>";
		};
/* End PBXVariantGroup section */

/* Begin XCBuildConfiguration section */
		4E929EE42C1C7CBD00B2B64F /* Debug */ = {
			isa = XCBuildConfiguration;
			buildSettings = {
				ASSETCATALOG_COMPILER_GENERATE_SWIFT_ASSET_SYMBOL_EXTENSIONS = YES;
				BUNDLE_LOADER = "$(TEST_HOST)";
				CODE_SIGN_STYLE = Automatic;
				CURRENT_PROJECT_VERSION = 1;
				DEVELOPMENT_TEAM = N74TV576H8;
				ENABLE_USER_SCRIPT_SANDBOXING = YES;
				GCC_C_LANGUAGE_STANDARD = gnu17;
				GENERATE_INFOPLIST_FILE = YES;
				IPHONEOS_DEPLOYMENT_TARGET = 17.5;
				LOCALIZATION_PREFERS_STRING_CATALOGS = YES;
				MARKETING_VERSION = 1.0;
				PRODUCT_BUNDLE_IDENTIFIER = org.dag.BetsTests2;
				PRODUCT_NAME = "$(TARGET_NAME)";
				SWIFT_ACTIVE_COMPILATION_CONDITIONS = "DEBUG $(inherited)";
				SWIFT_EMIT_LOC_STRINGS = NO;
				SWIFT_VERSION = 5.0;
				TARGETED_DEVICE_FAMILY = "1,2";
				TEST_HOST = "$(BUILT_PRODUCTS_DIR)/Bets.app/$(BUNDLE_EXECUTABLE_FOLDER_PATH)/Bets";
			};
			name = Debug;
		};
		4E929EE52C1C7CBD00B2B64F /* Release */ = {
			isa = XCBuildConfiguration;
			buildSettings = {
				ASSETCATALOG_COMPILER_GENERATE_SWIFT_ASSET_SYMBOL_EXTENSIONS = YES;
				BUNDLE_LOADER = "$(TEST_HOST)";
				CODE_SIGN_STYLE = Automatic;
				CURRENT_PROJECT_VERSION = 1;
				DEVELOPMENT_TEAM = N74TV576H8;
				ENABLE_USER_SCRIPT_SANDBOXING = YES;
				GCC_C_LANGUAGE_STANDARD = gnu17;
				GENERATE_INFOPLIST_FILE = YES;
				IPHONEOS_DEPLOYMENT_TARGET = 17.5;
				LOCALIZATION_PREFERS_STRING_CATALOGS = YES;
				MARKETING_VERSION = 1.0;
				PRODUCT_BUNDLE_IDENTIFIER = org.dag.BetsTests2;
				PRODUCT_NAME = "$(TARGET_NAME)";
				SWIFT_EMIT_LOC_STRINGS = NO;
				SWIFT_VERSION = 5.0;
				TARGETED_DEVICE_FAMILY = "1,2";
				TEST_HOST = "$(BUILT_PRODUCTS_DIR)/Bets.app/$(BUNDLE_EXECUTABLE_FOLDER_PATH)/Bets";
			};
			name = Release;
		};
		B5C0FD6A29E69208009AD7E4 /* Debug */ = {
			isa = XCBuildConfiguration;
			buildSettings = {
				ALWAYS_SEARCH_USER_PATHS = NO;
				CLANG_ANALYZER_NONNULL = YES;
				CLANG_ANALYZER_NUMBER_OBJECT_CONVERSION = YES_AGGRESSIVE;
				CLANG_CXX_LANGUAGE_STANDARD = "gnu++20";
				CLANG_ENABLE_MODULES = YES;
				CLANG_ENABLE_OBJC_ARC = YES;
				CLANG_ENABLE_OBJC_WEAK = YES;
				CLANG_WARN_BLOCK_CAPTURE_AUTORELEASING = YES;
				CLANG_WARN_BOOL_CONVERSION = YES;
				CLANG_WARN_COMMA = YES;
				CLANG_WARN_CONSTANT_CONVERSION = YES;
				CLANG_WARN_DEPRECATED_OBJC_IMPLEMENTATIONS = YES;
				CLANG_WARN_DIRECT_OBJC_ISA_USAGE = YES_ERROR;
				CLANG_WARN_DOCUMENTATION_COMMENTS = YES;
				CLANG_WARN_EMPTY_BODY = YES;
				CLANG_WARN_ENUM_CONVERSION = YES;
				CLANG_WARN_INFINITE_RECURSION = YES;
				CLANG_WARN_INT_CONVERSION = YES;
				CLANG_WARN_NON_LITERAL_NULL_CONVERSION = YES;
				CLANG_WARN_OBJC_IMPLICIT_RETAIN_SELF = YES;
				CLANG_WARN_OBJC_LITERAL_CONVERSION = YES;
				CLANG_WARN_OBJC_ROOT_CLASS = YES_ERROR;
				CLANG_WARN_QUOTED_INCLUDE_IN_FRAMEWORK_HEADER = YES;
				CLANG_WARN_RANGE_LOOP_ANALYSIS = YES;
				CLANG_WARN_STRICT_PROTOTYPES = YES;
				CLANG_WARN_SUSPICIOUS_MOVE = YES;
				CLANG_WARN_UNGUARDED_AVAILABILITY = YES_AGGRESSIVE;
				CLANG_WARN_UNREACHABLE_CODE = YES;
				CLANG_WARN__DUPLICATE_METHOD_MATCH = YES;
				COPY_PHASE_STRIP = NO;
				DEBUG_INFORMATION_FORMAT = dwarf;
				ENABLE_STRICT_OBJC_MSGSEND = YES;
				ENABLE_TESTABILITY = YES;
				GCC_C_LANGUAGE_STANDARD = gnu11;
				GCC_DYNAMIC_NO_PIC = NO;
				GCC_NO_COMMON_BLOCKS = YES;
				GCC_OPTIMIZATION_LEVEL = 0;
				GCC_PREPROCESSOR_DEFINITIONS = (
					"DEBUG=1",
					"$(inherited)",
				);
				GCC_WARN_64_TO_32_BIT_CONVERSION = YES;
				GCC_WARN_ABOUT_RETURN_TYPE = YES_ERROR;
				GCC_WARN_UNDECLARED_SELECTOR = YES;
				GCC_WARN_UNINITIALIZED_AUTOS = YES_AGGRESSIVE;
				GCC_WARN_UNUSED_FUNCTION = YES;
				GCC_WARN_UNUSED_VARIABLE = YES;
				IPHONEOS_DEPLOYMENT_TARGET = 16.0;
				MTL_ENABLE_DEBUG_INFO = INCLUDE_SOURCE;
				MTL_FAST_MATH = YES;
				ONLY_ACTIVE_ARCH = YES;
				SDKROOT = iphoneos;
				SWIFT_ACTIVE_COMPILATION_CONDITIONS = DEBUG;
				SWIFT_OPTIMIZATION_LEVEL = "-Onone";
			};
			name = Debug;
		};
		B5C0FD6B29E69208009AD7E4 /* Release */ = {
			isa = XCBuildConfiguration;
			buildSettings = {
				ALWAYS_SEARCH_USER_PATHS = NO;
				CLANG_ANALYZER_NONNULL = YES;
				CLANG_ANALYZER_NUMBER_OBJECT_CONVERSION = YES_AGGRESSIVE;
				CLANG_CXX_LANGUAGE_STANDARD = "gnu++20";
				CLANG_ENABLE_MODULES = YES;
				CLANG_ENABLE_OBJC_ARC = YES;
				CLANG_ENABLE_OBJC_WEAK = YES;
				CLANG_WARN_BLOCK_CAPTURE_AUTORELEASING = YES;
				CLANG_WARN_BOOL_CONVERSION = YES;
				CLANG_WARN_COMMA = YES;
				CLANG_WARN_CONSTANT_CONVERSION = YES;
				CLANG_WARN_DEPRECATED_OBJC_IMPLEMENTATIONS = YES;
				CLANG_WARN_DIRECT_OBJC_ISA_USAGE = YES_ERROR;
				CLANG_WARN_DOCUMENTATION_COMMENTS = YES;
				CLANG_WARN_EMPTY_BODY = YES;
				CLANG_WARN_ENUM_CONVERSION = YES;
				CLANG_WARN_INFINITE_RECURSION = YES;
				CLANG_WARN_INT_CONVERSION = YES;
				CLANG_WARN_NON_LITERAL_NULL_CONVERSION = YES;
				CLANG_WARN_OBJC_IMPLICIT_RETAIN_SELF = YES;
				CLANG_WARN_OBJC_LITERAL_CONVERSION = YES;
				CLANG_WARN_OBJC_ROOT_CLASS = YES_ERROR;
				CLANG_WARN_QUOTED_INCLUDE_IN_FRAMEWORK_HEADER = YES;
				CLANG_WARN_RANGE_LOOP_ANALYSIS = YES;
				CLANG_WARN_STRICT_PROTOTYPES = YES;
				CLANG_WARN_SUSPICIOUS_MOVE = YES;
				CLANG_WARN_UNGUARDED_AVAILABILITY = YES_AGGRESSIVE;
				CLANG_WARN_UNREACHABLE_CODE = YES;
				CLANG_WARN__DUPLICATE_METHOD_MATCH = YES;
				COPY_PHASE_STRIP = NO;
				DEBUG_INFORMATION_FORMAT = "dwarf-with-dsym";
				ENABLE_NS_ASSERTIONS = NO;
				ENABLE_STRICT_OBJC_MSGSEND = YES;
				GCC_C_LANGUAGE_STANDARD = gnu11;
				GCC_NO_COMMON_BLOCKS = YES;
				GCC_WARN_64_TO_32_BIT_CONVERSION = YES;
				GCC_WARN_ABOUT_RETURN_TYPE = YES_ERROR;
				GCC_WARN_UNDECLARED_SELECTOR = YES;
				GCC_WARN_UNINITIALIZED_AUTOS = YES_AGGRESSIVE;
				GCC_WARN_UNUSED_FUNCTION = YES;
				GCC_WARN_UNUSED_VARIABLE = YES;
				IPHONEOS_DEPLOYMENT_TARGET = 16.0;
				MTL_ENABLE_DEBUG_INFO = NO;
				MTL_FAST_MATH = YES;
				SDKROOT = iphoneos;
				SWIFT_COMPILATION_MODE = wholemodule;
				SWIFT_OPTIMIZATION_LEVEL = "-O";
				VALIDATE_PRODUCT = YES;
			};
			name = Release;
		};
		B5C0FD6D29E69208009AD7E4 /* Debug */ = {
			isa = XCBuildConfiguration;
			buildSettings = {
				ALWAYS_EMBED_SWIFT_STANDARD_LIBRARIES = YES;
				ASSETCATALOG_COMPILER_APPICON_NAME = AppIcon;
				ASSETCATALOG_COMPILER_GLOBAL_ACCENT_COLOR_NAME = AccentColor;
				CODE_SIGN_STYLE = Automatic;
				CURRENT_PROJECT_VERSION = 1;
				GENERATE_INFOPLIST_FILE = YES;
				INFOPLIST_FILE = Bets/Info.plist;
				INFOPLIST_KEY_UIApplicationSupportsIndirectInputEvents = YES;
				INFOPLIST_KEY_UILaunchStoryboardName = LaunchScreen;
				INFOPLIST_KEY_UISupportedInterfaceOrientations_iPad = "UIInterfaceOrientationPortrait UIInterfaceOrientationPortraitUpsideDown UIInterfaceOrientationLandscapeLeft UIInterfaceOrientationLandscapeRight";
				INFOPLIST_KEY_UISupportedInterfaceOrientations_iPhone = "UIInterfaceOrientationPortrait UIInterfaceOrientationLandscapeLeft UIInterfaceOrientationLandscapeRight";
				LD_RUNPATH_SEARCH_PATHS = (
					"$(inherited)",
					"@executable_path/Frameworks",
				);
				MARKETING_VERSION = 1.0;
				PRODUCT_BUNDLE_IDENTIFIER = com.test.Bets;
				PRODUCT_NAME = "$(TARGET_NAME)";
				SUPPORTED_PLATFORMS = "iphoneos iphonesimulator";
				SUPPORTS_MACCATALYST = NO;
				SUPPORTS_MAC_DESIGNED_FOR_IPHONE_IPAD = NO;
				SUPPORTS_XR_DESIGNED_FOR_IPHONE_IPAD = NO;
				SWIFT_EMIT_LOC_STRINGS = YES;
				SWIFT_VERSION = 5.0;
				TARGETED_DEVICE_FAMILY = "1,2";
			};
			name = Debug;
		};
		B5C0FD6E29E69208009AD7E4 /* Release */ = {
			isa = XCBuildConfiguration;
			buildSettings = {
				ALWAYS_EMBED_SWIFT_STANDARD_LIBRARIES = YES;
				ASSETCATALOG_COMPILER_APPICON_NAME = AppIcon;
				ASSETCATALOG_COMPILER_GLOBAL_ACCENT_COLOR_NAME = AccentColor;
				CODE_SIGN_STYLE = Automatic;
				CURRENT_PROJECT_VERSION = 1;
				GENERATE_INFOPLIST_FILE = YES;
				INFOPLIST_FILE = Bets/Info.plist;
				INFOPLIST_KEY_UIApplicationSupportsIndirectInputEvents = YES;
				INFOPLIST_KEY_UILaunchStoryboardName = LaunchScreen;
				INFOPLIST_KEY_UISupportedInterfaceOrientations_iPad = "UIInterfaceOrientationPortrait UIInterfaceOrientationPortraitUpsideDown UIInterfaceOrientationLandscapeLeft UIInterfaceOrientationLandscapeRight";
				INFOPLIST_KEY_UISupportedInterfaceOrientations_iPhone = "UIInterfaceOrientationPortrait UIInterfaceOrientationLandscapeLeft UIInterfaceOrientationLandscapeRight";
				LD_RUNPATH_SEARCH_PATHS = (
					"$(inherited)",
					"@executable_path/Frameworks",
				);
				MARKETING_VERSION = 1.0;
				PRODUCT_BUNDLE_IDENTIFIER = com.test.Bets;
				PRODUCT_NAME = "$(TARGET_NAME)";
				SUPPORTED_PLATFORMS = "iphoneos iphonesimulator";
				SUPPORTS_MACCATALYST = NO;
				SUPPORTS_MAC_DESIGNED_FOR_IPHONE_IPAD = NO;
				SUPPORTS_XR_DESIGNED_FOR_IPHONE_IPAD = NO;
				SWIFT_EMIT_LOC_STRINGS = YES;
				SWIFT_VERSION = 5.0;
				TARGETED_DEVICE_FAMILY = "1,2";
			};
			name = Release;
		};
		B5C0FD8A29E694E1009AD7E4 /* Debug */ = {
			isa = XCBuildConfiguration;
			buildSettings = {
				CLANG_ENABLE_MODULES = YES;
				CODE_SIGN_STYLE = Automatic;
				CURRENT_PROJECT_VERSION = 1;
				DEFINES_MODULE = YES;
				DYLIB_COMPATIBILITY_VERSION = 1;
				DYLIB_CURRENT_VERSION = 1;
				DYLIB_INSTALL_NAME_BASE = "@rpath";
				GENERATE_INFOPLIST_FILE = YES;
				INFOPLIST_KEY_NSHumanReadableCopyright = "";
				INSTALL_PATH = "$(LOCAL_LIBRARY_DIR)/Frameworks";
				IPHONEOS_DEPLOYMENT_TARGET = 16.0;
				LD_RUNPATH_SEARCH_PATHS = (
					"@executable_path/Frameworks",
					"@loader_path/Frameworks",
				);
				"LD_RUNPATH_SEARCH_PATHS[sdk=macosx*]" = (
					"@executable_path/../Frameworks",
					"@loader_path/Frameworks",
				);
				MARKETING_VERSION = 1.0;
				PRODUCT_BUNDLE_IDENTIFIER = com.test.BetsCore;
				PRODUCT_NAME = "$(TARGET_NAME:c99extidentifier)";
				SDKROOT = auto;
				SKIP_INSTALL = YES;
				SUPPORTED_PLATFORMS = "iphoneos iphonesimulator macosx";
				SUPPORTS_MACCATALYST = NO;
				SWIFT_EMIT_LOC_STRINGS = YES;
				SWIFT_OPTIMIZATION_LEVEL = "-Onone";
				SWIFT_VERSION = 5.0;
				TARGETED_DEVICE_FAMILY = "1,2";
				VERSIONING_SYSTEM = "apple-generic";
				VERSION_INFO_PREFIX = "";
			};
			name = Debug;
		};
		B5C0FD8B29E694E1009AD7E4 /* Release */ = {
			isa = XCBuildConfiguration;
			buildSettings = {
				CLANG_ENABLE_MODULES = YES;
				CODE_SIGN_STYLE = Automatic;
				CURRENT_PROJECT_VERSION = 1;
				DEFINES_MODULE = YES;
				DYLIB_COMPATIBILITY_VERSION = 1;
				DYLIB_CURRENT_VERSION = 1;
				DYLIB_INSTALL_NAME_BASE = "@rpath";
				GENERATE_INFOPLIST_FILE = YES;
				INFOPLIST_KEY_NSHumanReadableCopyright = "";
				INSTALL_PATH = "$(LOCAL_LIBRARY_DIR)/Frameworks";
				IPHONEOS_DEPLOYMENT_TARGET = 16.0;
				LD_RUNPATH_SEARCH_PATHS = (
					"@executable_path/Frameworks",
					"@loader_path/Frameworks",
				);
				"LD_RUNPATH_SEARCH_PATHS[sdk=macosx*]" = (
					"@executable_path/../Frameworks",
					"@loader_path/Frameworks",
				);
				MARKETING_VERSION = 1.0;
				PRODUCT_BUNDLE_IDENTIFIER = com.test.BetsCore;
				PRODUCT_NAME = "$(TARGET_NAME:c99extidentifier)";
				SDKROOT = auto;
				SKIP_INSTALL = YES;
				SUPPORTED_PLATFORMS = "iphoneos iphonesimulator macosx";
				SUPPORTS_MACCATALYST = NO;
				SWIFT_EMIT_LOC_STRINGS = YES;
				SWIFT_VERSION = 5.0;
				TARGETED_DEVICE_FAMILY = "1,2";
				VERSIONING_SYSTEM = "apple-generic";
				VERSION_INFO_PREFIX = "";
			};
			name = Release;
		};
/* End XCBuildConfiguration section */

/* Begin XCConfigurationList section */
		4E929EE32C1C7CBD00B2B64F /* Build configuration list for PBXNativeTarget "BetsTests" */ = {
			isa = XCConfigurationList;
			buildConfigurations = (
				4E929EE42C1C7CBD00B2B64F /* Debug */,
				4E929EE52C1C7CBD00B2B64F /* Release */,
			);
			defaultConfigurationIsVisible = 0;
			defaultConfigurationName = Release;
		};
		B5C0FD5329E69206009AD7E4 /* Build configuration list for PBXProject "Bets" */ = {
			isa = XCConfigurationList;
			buildConfigurations = (
				B5C0FD6A29E69208009AD7E4 /* Debug */,
				B5C0FD6B29E69208009AD7E4 /* Release */,
			);
			defaultConfigurationIsVisible = 0;
			defaultConfigurationName = Release;
		};
		B5C0FD6C29E69208009AD7E4 /* Build configuration list for PBXNativeTarget "Bets" */ = {
			isa = XCConfigurationList;
			buildConfigurations = (
				B5C0FD6D29E69208009AD7E4 /* Debug */,
				B5C0FD6E29E69208009AD7E4 /* Release */,
			);
			defaultConfigurationIsVisible = 0;
			defaultConfigurationName = Release;
		};
		B5C0FD8929E694E1009AD7E4 /* Build configuration list for PBXNativeTarget "BetsCore" */ = {
			isa = XCConfigurationList;
			buildConfigurations = (
				B5C0FD8A29E694E1009AD7E4 /* Debug */,
				B5C0FD8B29E694E1009AD7E4 /* Release */,
			);
			defaultConfigurationIsVisible = 0;
			defaultConfigurationName = Release;
		};
/* End XCConfigurationList section */
	};
	rootObject = B5C0FD5029E69206009AD7E4 /* Project object */;
}
